
Microsoft Visual Studio Solution File, Format Version 12.00
# Visual Studio Version 16
VisualStudioVersion = 16.0.30011.22
MinimumVisualStudioVersion = 10.0.40219.1
Project("{FAE04EC0-301F-11D3-BF4B-00C04F79EFBC}") = "RainFlowCalc", "RainFlowCalc.csproj", "{63FA28DE-33E0-47C6-8FF4-FA224CE5A034}"
EndProject
Global
	GlobalSection(SolutionConfigurationPlatforms) = preSolution
		Debug|Any CPU = Debug|Any CPU
		Release|Any CPU = Release|Any CPU
	EndGlobalSection
	GlobalSection(ProjectConfigurationPlatforms) = postSolution
		{63FA28DE-33E0-47C6-8FF4-FA224CE5A034}.Debug|Any CPU.ActiveCfg = Debug|Any CPU
		{63FA28DE-33E0-47C6-8FF4-FA224CE5A034}.Debug|Any CPU.Build.0 = Debug|Any CPU
		{63FA28DE-33E0-47C6-8FF4-FA224CE5A034}.Release|Any CPU.ActiveCfg = Release|Any CPU
		{63FA28DE-33E0-47C6-8FF4-FA224CE5A034}.Release|Any CPU.Build.0 = Release|Any CPU
	EndGlobalSection
	GlobalSection(SolutionProperties) = preSolution
		HideSolutionNode = FALSE
	EndGlobalSection
	GlobalSection(ExtensibilityGlobals) = postSolution
		SolutionGuid = {0AD7A214-A158-4B73-8BB4-5CA16F527CEB}
	EndGlobalSection
EndGlobal
